
Microsoft Visual Studio Solution File, Format Version 12.00
# Visual Studio Version 17
VisualStudioVersion = 17.8.34309.116
MinimumVisualStudioVersion = 10.0.40219.1
Project("{2150E333-8FDC-42A3-9474-1A3956D46DE8}") = "src", "src", "{E69B15EC-27CA-4BF4-8239-2BE5061B2B1C}"
EndProject
Project("{2150E333-8FDC-42A3-9474-1A3956D46DE8}") = "test", "test", "{3713CAEE-27A1-407D-BA7A-33712F9409E7}"
EndProject
Project("{2150E333-8FDC-42A3-9474-1A3956D46DE8}") = "API", "API", "{D72D2E46-9522-495C-8104-BA89E9EA972B}"
EndProject
Project("{2150E333-8FDC-42A3-9474-1A3956D46DE8}") = "Core", "Core", "{7775E059-0401-44AA-B3B3-B4EE49CCD54F}"
EndProject
Project("{2150E333-8FDC-42A3-9474-1A3956D46DE8}") = "Infrastructure", "Infrastructure", "{F84C6C70-E102-41C2-BB72-9402F75E5F6D}"
EndProject
Project("{2150E333-8FDC-42A3-9474-1A3956D46DE8}") = "UI", "UI", "{3D25721C-F19A-4C81-A791-3623998E979F}"
EndProject
Project("{9A19103F-16F7-4668-BE54-9A1E7A4F7556}") = "HR.LeaveManagement.Domain", "HR.LeaveManagement.Domain\HR.LeaveManagement.Domain.csproj", "{947B5298-5F92-4407-ADBE-54A1D12AD12C}"
EndProject
Project("{9A19103F-16F7-4668-BE54-9A1E7A4F7556}") = "HR.LeaveManagement.Application", "HR.LeaveManagement.Application\HR.LeaveManagement.Application.csproj", "{DB766EAB-3B98-417E-9539-1E369AC1CE0D}"
EndProject
Project("{9A19103F-16F7-4668-BE54-9A1E7A4F7556}") = "HR.LeaveManagement.Infrastructure", "HR.Management.Infrastructure\HR.LeaveManagement.Infrastructure.csproj", "{4B08E388-B95A-4485-9872-CCE3CB48A54C}"
EndProject
Project("{9A19103F-16F7-4668-BE54-9A1E7A4F7556}") = "HR.LeaveManagement.Persistance", "HR.Management.Persistance\HR.LeaveManagement.Persistance.csproj", "{4E0319FC-7ECD-4D61-9FB4-E8DE72DB1103}"
EndProject
Project("{9A19103F-16F7-4668-BE54-9A1E7A4F7556}") = "HR.LeaveManagement.API", "HR.LeaveManagement.API\HR.LeaveManagement.API.csproj", "{AEF221A2-DEDF-4ECE-94B7-C8B03E6AAF74}"
EndProject
Global
	GlobalSection(SolutionConfigurationPlatforms) = preSolution
		Debug|Any CPU = Debug|Any CPU
		Release|Any CPU = Release|Any CPU
	EndGlobalSection
	GlobalSection(ProjectConfigurationPlatforms) = postSolution
		{947B5298-5F92-4407-ADBE-54A1D12AD12C}.Debug|Any CPU.ActiveCfg = Debug|Any CPU
		{947B5298-5F92-4407-ADBE-54A1D12AD12C}.Debug|Any CPU.Build.0 = Debug|Any CPU
		{947B5298-5F92-4407-ADBE-54A1D12AD12C}.Release|Any CPU.ActiveCfg = Release|Any CPU
		{947B5298-5F92-4407-ADBE-54A1D12AD12C}.Release|Any CPU.Build.0 = Release|Any CPU
		{DB766EAB-3B98-417E-9539-1E369AC1CE0D}.Debug|Any CPU.ActiveCfg = Debug|Any CPU
		{DB766EAB-3B98-417E-9539-1E369AC1CE0D}.Debug|Any CPU.Build.0 = Debug|Any CPU
		{DB766EAB-3B98-417E-9539-1E369AC1CE0D}.Release|Any CPU.ActiveCfg = Release|Any CPU
		{DB766EAB-3B98-417E-9539-1E369AC1CE0D}.Release|Any CPU.Build.0 = Release|Any CPU
		{4B08E388-B95A-4485-9872-CCE3CB48A54C}.Debug|Any CPU.ActiveCfg = Debug|Any CPU
		{4B08E388-B95A-4485-9872-CCE3CB48A54C}.Debug|Any CPU.Build.0 = Debug|Any CPU
		{4B08E388-B95A-4485-9872-CCE3CB48A54C}.Release|Any CPU.ActiveCfg = Release|Any CPU
		{4B08E388-B95A-4485-9872-CCE3CB48A54C}.Release|Any CPU.Build.0 = Release|Any CPU
		{4E0319FC-7ECD-4D61-9FB4-E8DE72DB1103}.Debug|Any CPU.ActiveCfg = Debug|Any CPU
		{4E0319FC-7ECD-4D61-9FB4-E8DE72DB1103}.Debug|Any CPU.Build.0 = Debug|Any CPU
		{4E0319FC-7ECD-4D61-9FB4-E8DE72DB1103}.Release|Any CPU.ActiveCfg = Release|Any CPU
		{4E0319FC-7ECD-4D61-9FB4-E8DE72DB1103}.Release|Any CPU.Build.0 = Release|Any CPU
		{AEF221A2-DEDF-4ECE-94B7-C8B03E6AAF74}.Debug|Any CPU.ActiveCfg = Debug|Any CPU
		{AEF221A2-DEDF-4ECE-94B7-C8B03E6AAF74}.Debug|Any CPU.Build.0 = Debug|Any CPU
		{AEF221A2-DEDF-4ECE-94B7-C8B03E6AAF74}.Release|Any CPU.ActiveCfg = Release|Any CPU
		{AEF221A2-DEDF-4ECE-94B7-C8B03E6AAF74}.Release|Any CPU.Build.0 = Release|Any CPU
	EndGlobalSection
	GlobalSection(SolutionProperties) = preSolution
		HideSolutionNode = FALSE
	EndGlobalSection
	GlobalSection(NestedProjects) = preSolution
		{D72D2E46-9522-495C-8104-BA89E9EA972B} = {E69B15EC-27CA-4BF4-8239-2BE5061B2B1C}
		{7775E059-0401-44AA-B3B3-B4EE49CCD54F} = {E69B15EC-27CA-4BF4-8239-2BE5061B2B1C}
		{F84C6C70-E102-41C2-BB72-9402F75E5F6D} = {E69B15EC-27CA-4BF4-8239-2BE5061B2B1C}
		{3D25721C-F19A-4C81-A791-3623998E979F} = {E69B15EC-27CA-4BF4-8239-2BE5061B2B1C}
		{947B5298-5F92-4407-ADBE-54A1D12AD12C} = {7775E059-0401-44AA-B3B3-B4EE49CCD54F}
		{DB766EAB-3B98-417E-9539-1E369AC1CE0D} = {7775E059-0401-44AA-B3B3-B4EE49CCD54F}
		{4B08E388-B95A-4485-9872-CCE3CB48A54C} = {F84C6C70-E102-41C2-BB72-9402F75E5F6D}
		{4E0319FC-7ECD-4D61-9FB4-E8DE72DB1103} = {F84C6C70-E102-41C2-BB72-9402F75E5F6D}
		{AEF221A2-DEDF-4ECE-94B7-C8B03E6AAF74} = {D72D2E46-9522-495C-8104-BA89E9EA972B}
	EndGlobalSection
	GlobalSection(ExtensibilityGlobals) = postSolution
		SolutionGuid = {76241C7F-255A-412C-8DE3-AF7E3DEBF6B8}
	EndGlobalSection
EndGlobal
